PODS:
  - AituWebRTC (0.0.2)
  - Cordova (6.1.1):
    - Cordova/Cordova (= 6.1.1)
  - Cordova/Cordova (6.1.1)
  - CordovaRTC (1.0.5):
    - AituWebRTC
    - Cordova
  - DigitalIDZoomAuthenticationCordovaPlugin (0.5.0):
    - Cordova

DEPENDENCIES:
  - Cordova
  - CordovaRTC
  - DigitalIDZoomAuthenticationCordovaPlugin

SPEC REPOS:
  "git@gitlab.btsd.kz:ios/infrastructure/podspecs.git":
    - AituWebRTC
    - CordovaRTC
  https://github.com/cocoapods/specs.git:
    - Cordova
    - DigitalIDZoomAuthenticationCordovaPlugin

SPEC CHECKSUMS:
  AituWebRTC: c784a3addec08ffcd64e964cf8981299ed80d401
  Cordova: eea60c20c8262ae4aecc15e78fe6e03543c2cde4
  CordovaRTC: a6c89600d2b5c4c46bf75a063eaa0a33133a0d3c
  DigitalIDZoomAuthenticationCordovaPlugin: f42ce8196a24088bdb2934652180a002f5af301d

PODFILE CHECKSUM: 6e07ba5f6db2a1a156ab1774b367a9468ebbdd20

COCOAPODS: 1.10.1
