PODS:
  - Cordova (6.2.0):
    - Cordova/Cordova (= 6.2.0)
  - Cordova/Cordova (6.2.0)

DEPENDENCIES:
  - Cordova (= 6.2.0)

SPEC REPOS:
  https://github.com/cocoapods/specs.git:
    - Cordova

SPEC CHECKSUMS:
  Cordova: 7e83572fd98d1391ce92d93c081ce8d99d8cb014

PODFILE CHECKSUM: aa9dd9438f9bb4c7459b93559d5c8f4025ef275a

COCOAPODS: 1.12.0
